
Microsoft Visual Studio Solution File, Format Version 12.00
# Visual Studio Version 17
VisualStudioVersion = 17.14.36221.1 d17.14
MinimumVisualStudioVersion = 10.0.40219.1
Project("{FAE04EC0-301F-11D3-BF4B-00C04F79EFBC}") = "HISYSApplication", "HISYSApplication\HISYSApplication.csproj", "{D9BF9AB6-F713-4CF3-902B-FA622925FF73}"
EndProject
Global
	GlobalSection(SolutionConfigurationPlatforms) = preSolution
		Debug|Any CPU = Debug|Any CPU
		Release|Any CPU = Release|Any CPU
	EndGlobalSection
	GlobalSection(ProjectConfigurationPlatforms) = postSolution
		{D9BF9AB6-F713-4CF3-902B-FA622925FF73}.Debug|Any CPU.ActiveCfg = Debug|Any CPU
		{D9BF9AB6-F713-4CF3-902B-FA622925FF73}.Debug|Any CPU.Build.0 = Debug|Any CPU
		{D9BF9AB6-F713-4CF3-902B-FA622925FF73}.Release|Any CPU.ActiveCfg = Release|Any CPU
		{D9BF9AB6-F713-4CF3-902B-FA622925FF73}.Release|Any CPU.Build.0 = Release|Any CPU
	EndGlobalSection
	GlobalSection(SolutionProperties) = preSolution
		HideSolutionNode = FALSE
	EndGlobalSection
	GlobalSection(ExtensibilityGlobals) = postSolution
		SolutionGuid = {D894C0B0-7234-42F4-9B00-9D1FC0E692CF}
	EndGlobalSection
EndGlobal
